
Microsoft Visual Studio Solution File, Format Version 12.00
# Visual Studio Version 16
VisualStudioVersion = 16.0.30413.136
MinimumVisualStudioVersion = 10.0.40219.1
Project("{FAE04EC0-301F-11D3-BF4B-00C04F79EFBC}") = "Vehicle", "Vehicle\Vehicle.csproj", "{2DA64C75-A752-477D-B9DB-640E702A3170}"
EndProject
Global
	GlobalSection(SolutionConfigurationPlatforms) = preSolution
		Debug|Any CPU = Debug|Any CPU
		Release|Any CPU = Release|Any CPU
	EndGlobalSection
	GlobalSection(ProjectConfigurationPlatforms) = postSolution
		{2DA64C75-A752-477D-B9DB-640E702A3170}.Debug|Any CPU.ActiveCfg = Debug|Any CPU
		{2DA64C75-A752-477D-B9DB-640E702A3170}.Debug|Any CPU.Build.0 = Debug|Any CPU
		{2DA64C75-A752-477D-B9DB-640E702A3170}.Release|Any CPU.ActiveCfg = Release|Any CPU
		{2DA64C75-A752-477D-B9DB-640E702A3170}.Release|Any CPU.Build.0 = Release|Any CPU
	EndGlobalSection
	GlobalSection(SolutionProperties) = preSolution
		HideSolutionNode = FALSE
	EndGlobalSection
	GlobalSection(ExtensibilityGlobals) = postSolution
		SolutionGuid = {003887A1-E163-427A-8592-F5E84B951E24}
	EndGlobalSection
EndGlobal
